
Microsoft Visual Studio Solution File, Format Version 12.00
# Visual Studio Version 17
VisualStudioVersion = 17.0.31903.59
MinimumVisualStudioVersion = 10.0.40219.1
Project("{FAE04EC0-301F-11D3-BF4B-00C04F79EFBC}") = "TalentConsulting.TalentSuite.Projects.Common", "TalentConsulting.TalentSuite.Projects.Common\TalentConsulting.TalentSuite.Projects.Common.csproj", "{49D7DE10-AED0-4F33-AFDC-D62CDEE5AD34}"
EndProject
Project("{FAE04EC0-301F-11D3-BF4B-00C04F79EFBC}") = "TalentConsulting.TalentSuite.Projects.Core", "TalentConsulting.TalentSuite.Projects.Core\TalentConsulting.TalentSuite.Projects.Core.csproj", "{3E0A125B-6B28-4DFB-8627-3FB76A37FF68}"
EndProject
Project("{FAE04EC0-301F-11D3-BF4B-00C04F79EFBC}") = "TalentConsulting.TalentSuite.Projects.Infrastructure", "TalentConsulting.TalentSuite.Projects.Infrastructure\TalentConsulting.TalentSuite.Projects.Infrastructure.csproj", "{A45F2600-0AD4-404A-BB35-EC237BFF9715}"
EndProject
Project("{FAE04EC0-301F-11D3-BF4B-00C04F79EFBC}") = "TalentConsulting.TalentSuite.Projects.API", "TalentConsulting.TalentSuite.Projects.API\TalentConsulting.TalentSuite.Projects.API.csproj", "{D8C682F4-2640-4077-BC1C-5431A16155CA}"
EndProject
Project("{FAE04EC0-301F-11D3-BF4B-00C04F79EFBC}") = "DbMigrator", "..\talentsuite-db\src\DbMigrator\DbMigrator.csproj", "{B4F9F899-31BF-43DF-8417-C8F3B44939C6}"
EndProject
Global
	GlobalSection(SolutionConfigurationPlatforms) = preSolution
		Debug|Any CPU = Debug|Any CPU
		Release|Any CPU = Release|Any CPU
	EndGlobalSection
	GlobalSection(SolutionProperties) = preSolution
		HideSolutionNode = FALSE
	EndGlobalSection
	GlobalSection(ProjectConfigurationPlatforms) = postSolution
		{49D7DE10-AED0-4F33-AFDC-D62CDEE5AD34}.Debug|Any CPU.ActiveCfg = Debug|Any CPU
		{49D7DE10-AED0-4F33-AFDC-D62CDEE5AD34}.Debug|Any CPU.Build.0 = Debug|Any CPU
		{49D7DE10-AED0-4F33-AFDC-D62CDEE5AD34}.Release|Any CPU.ActiveCfg = Release|Any CPU
		{49D7DE10-AED0-4F33-AFDC-D62CDEE5AD34}.Release|Any CPU.Build.0 = Release|Any CPU
		{3E0A125B-6B28-4DFB-8627-3FB76A37FF68}.Debug|Any CPU.ActiveCfg = Debug|Any CPU
		{3E0A125B-6B28-4DFB-8627-3FB76A37FF68}.Debug|Any CPU.Build.0 = Debug|Any CPU
		{3E0A125B-6B28-4DFB-8627-3FB76A37FF68}.Release|Any CPU.ActiveCfg = Release|Any CPU
		{3E0A125B-6B28-4DFB-8627-3FB76A37FF68}.Release|Any CPU.Build.0 = Release|Any CPU
		{A45F2600-0AD4-404A-BB35-EC237BFF9715}.Debug|Any CPU.ActiveCfg = Debug|Any CPU
		{A45F2600-0AD4-404A-BB35-EC237BFF9715}.Debug|Any CPU.Build.0 = Debug|Any CPU
		{A45F2600-0AD4-404A-BB35-EC237BFF9715}.Release|Any CPU.ActiveCfg = Release|Any CPU
		{A45F2600-0AD4-404A-BB35-EC237BFF9715}.Release|Any CPU.Build.0 = Release|Any CPU
		{D8C682F4-2640-4077-BC1C-5431A16155CA}.Debug|Any CPU.ActiveCfg = Debug|Any CPU
		{D8C682F4-2640-4077-BC1C-5431A16155CA}.Debug|Any CPU.Build.0 = Debug|Any CPU
		{D8C682F4-2640-4077-BC1C-5431A16155CA}.Release|Any CPU.ActiveCfg = Release|Any CPU
		{D8C682F4-2640-4077-BC1C-5431A16155CA}.Release|Any CPU.Build.0 = Release|Any CPU
		{B4F9F899-31BF-43DF-8417-C8F3B44939C6}.Debug|Any CPU.ActiveCfg = Debug|Any CPU
		{B4F9F899-31BF-43DF-8417-C8F3B44939C6}.Debug|Any CPU.Build.0 = Debug|Any CPU
		{B4F9F899-31BF-43DF-8417-C8F3B44939C6}.Release|Any CPU.ActiveCfg = Release|Any CPU
		{B4F9F899-31BF-43DF-8417-C8F3B44939C6}.Release|Any CPU.Build.0 = Release|Any CPU
	EndGlobalSection
EndGlobal
